
Microsoft Visual Studio Solution File, Format Version 12.00
# Visual Studio Version 17
VisualStudioVersion = 17.2.32526.322
MinimumVisualStudioVersion = 10.0.40219.1
Project("{9A19103F-16F7-4668-BE54-9A1E7A4F7556}") = "SampleSPAwithbackend", "SampleSPAwithbackend\SampleSPAwithbackend.csproj", "{93ECC9ED-6936-4888-8D00-B352E5BED06D}"
EndProject
Project("{00D1A9C2-B5F0-4AF3-8072-F6C62B433612}") = "Database", "Database\Database.sqlproj", "{1A454885-E987-46F5-8CF1-EE7EC66AA466}"
EndProject
Global
	GlobalSection(SolutionConfigurationPlatforms) = preSolution
		Debug|Any CPU = Debug|Any CPU
		Release|Any CPU = Release|Any CPU
	EndGlobalSection
	GlobalSection(ProjectConfigurationPlatforms) = postSolution
		{93ECC9ED-6936-4888-8D00-B352E5BED06D}.Debug|Any CPU.ActiveCfg = Debug|Any CPU
		{93ECC9ED-6936-4888-8D00-B352E5BED06D}.Debug|Any CPU.Build.0 = Debug|Any CPU
		{93ECC9ED-6936-4888-8D00-B352E5BED06D}.Release|Any CPU.ActiveCfg = Release|Any CPU
		{93ECC9ED-6936-4888-8D00-B352E5BED06D}.Release|Any CPU.Build.0 = Release|Any CPU
		{1A454885-E987-46F5-8CF1-EE7EC66AA466}.Debug|Any CPU.ActiveCfg = Debug|Any CPU
		{1A454885-E987-46F5-8CF1-EE7EC66AA466}.Debug|Any CPU.Build.0 = Debug|Any CPU
		{1A454885-E987-46F5-8CF1-EE7EC66AA466}.Debug|Any CPU.Deploy.0 = Debug|Any CPU
		{1A454885-E987-46F5-8CF1-EE7EC66AA466}.Release|Any CPU.ActiveCfg = Release|Any CPU
		{1A454885-E987-46F5-8CF1-EE7EC66AA466}.Release|Any CPU.Build.0 = Release|Any CPU
		{1A454885-E987-46F5-8CF1-EE7EC66AA466}.Release|Any CPU.Deploy.0 = Release|Any CPU
	EndGlobalSection
	GlobalSection(SolutionProperties) = preSolution
		HideSolutionNode = FALSE
	EndGlobalSection
	GlobalSection(ExtensibilityGlobals) = postSolution
		SolutionGuid = {5143CC7B-9C30-4258-B052-ED226823FB32}
	EndGlobalSection
EndGlobal
